
Microsoft Visual Studio Solution File, Format Version 12.00
# Visual Studio Version 17
VisualStudioVersion = 17.12.35707.178
MinimumVisualStudioVersion = 10.0.40219.1
Project("{FAE04EC0-301F-11D3-BF4B-00C04F79EFBC}") = "RA", "RA\RA.csproj", "{111CFA39-DEDB-4767-884A-EB39BFB3A44D}"
EndProject
Project("{FAE04EC0-301F-11D3-BF4B-00C04F79EFBC}") = "TestAutorization", "UnitTestProject\TestAutorization.csproj", "{796CBFB4-1DF6-4AAD-87C3-140956CF1CEA}"
EndProject
Project("{FAE04EC0-301F-11D3-BF4B-00C04F79EFBC}") = "TestRegistration", "TestRegistration\TestRegistration.csproj", "{55DCE10C-AEAF-4659-AEFB-304F8B4B0AFC}"
EndProject
Global
	GlobalSection(SolutionConfigurationPlatforms) = preSolution
		Debug|Any CPU = Debug|Any CPU
		Release|Any CPU = Release|Any CPU
	EndGlobalSection
	GlobalSection(ProjectConfigurationPlatforms) = postSolution
		{111CFA39-DEDB-4767-884A-EB39BFB3A44D}.Debug|Any CPU.ActiveCfg = Debug|Any CPU
		{111CFA39-DEDB-4767-884A-EB39BFB3A44D}.Debug|Any CPU.Build.0 = Debug|Any CPU
		{111CFA39-DEDB-4767-884A-EB39BFB3A44D}.Release|Any CPU.ActiveCfg = Release|Any CPU
		{111CFA39-DEDB-4767-884A-EB39BFB3A44D}.Release|Any CPU.Build.0 = Release|Any CPU
		{796CBFB4-1DF6-4AAD-87C3-140956CF1CEA}.Debug|Any CPU.ActiveCfg = Debug|Any CPU
		{796CBFB4-1DF6-4AAD-87C3-140956CF1CEA}.Debug|Any CPU.Build.0 = Debug|Any CPU
		{796CBFB4-1DF6-4AAD-87C3-140956CF1CEA}.Release|Any CPU.ActiveCfg = Release|Any CPU
		{796CBFB4-1DF6-4AAD-87C3-140956CF1CEA}.Release|Any CPU.Build.0 = Release|Any CPU
		{55DCE10C-AEAF-4659-AEFB-304F8B4B0AFC}.Debug|Any CPU.ActiveCfg = Debug|Any CPU
		{55DCE10C-AEAF-4659-AEFB-304F8B4B0AFC}.Debug|Any CPU.Build.0 = Debug|Any CPU
		{55DCE10C-AEAF-4659-AEFB-304F8B4B0AFC}.Release|Any CPU.ActiveCfg = Release|Any CPU
		{55DCE10C-AEAF-4659-AEFB-304F8B4B0AFC}.Release|Any CPU.Build.0 = Release|Any CPU
	EndGlobalSection
	GlobalSection(SolutionProperties) = preSolution
		HideSolutionNode = FALSE
	EndGlobalSection
EndGlobal
